
Microsoft Visual Studio Solution File, Format Version 12.00
# Visual Studio Version 17
VisualStudioVersion = 17.1.32319.34
MinimumVisualStudioVersion = 10.0.40219.1
Project("{8BC9CEB8-8B4A-11D0-8D11-00A0C91BC942}") = "BC3_long_5blocks", "BC3_long_5blocks\BC3_long_5blocks.vcxproj", "{C0CF1514-1DB4-4739-9F97-610E9FBE5905}"
EndProject
Project("{8BC9CEB8-8B4A-11D0-8D11-00A0C91BC942}") = "BC3_long_6blocks", "BC3_long_6blocks\BC3_long_6blocks.vcxproj", "{1A1EE8B9-135D-4B18-BBF6-85C4E15BBAE8}"
EndProject
Project("{8BC9CEB8-8B4A-11D0-8D11-00A0C91BC942}") = "BC3_short_5blocks", "BC3_short_5blocks\BC3_short_5blocks.vcxproj", "{67B82A09-DD83-452B-8845-FF58200F64F9}"
EndProject
Project("{8BC9CEB8-8B4A-11D0-8D11-00A0C91BC942}") = "BC3_short_6blocks", "BC3_short_6blocks\BC3_short_6blocks.vcxproj", "{63AA53F3-5D83-4850-B40B-21803A5B36AD}"
EndProject
Project("{8BC9CEB8-8B4A-11D0-8D11-00A0C91BC942}") = "BC7_long", "BC7_long\BC7_long.vcxproj", "{C898A0B1-4355-4C18-9889-1F26D6DFAD08}"
EndProject
Project("{8BC9CEB8-8B4A-11D0-8D11-00A0C91BC942}") = "BC7_simple", "BC7_simple\BC7_simple.vcxproj", "{10F40C0D-94B3-491C-88D6-AD9A3F9BA9FA}"
EndProject
Project("{8BC9CEB8-8B4A-11D0-8D11-00A0C91BC942}") = "BC7_short", "BC7_short\BC7_short.vcxproj", "{82373DBA-2431-4873-9A69-B9D0943060BE}"
EndProject
Project("{8BC9CEB8-8B4A-11D0-8D11-00A0C91BC942}") = "SCDC", "SCDC\SCDC.vcxproj", "{7834B16C-F660-4901-886C-A97DF12AFE5F}"
EndProject
Project("{8BC9CEB8-8B4A-11D0-8D11-00A0C91BC942}") = "RPBC", "RPBC\RPBC.vcxproj", "{E61E5409-E229-48FF-ACBA-CB50854D0F60}"
EndProject
Project("{8BC9CEB8-8B4A-11D0-8D11-00A0C91BC942}") = "RMD_R2_4inf", "RMD_R2_4inf\RMD_R2_4inf.vcxproj", "{EF4E603C-1815-4128-996F-1C206F7C736C}"
EndProject
Project("{8BC9CEB8-8B4A-11D0-8D11-00A0C91BC942}") = "RMD_R2inf", "RMD_R2inf\RMD_R2inf.vcxproj", "{F9187DC1-ABDF-4686-AFAC-49131296E8F2}"
EndProject
Project("{8BC9CEB8-8B4A-11D0-8D11-00A0C91BC942}") = "BC7_2stream", "BC7_2stream\BC7_2stream.vcxproj", "{744964FE-0165-47F5-95F3-1B68CABB4EA1}"
EndProject
Project("{8BC9CEB8-8B4A-11D0-8D11-00A0C91BC942}") = "BCMix_splited", "BCMix_splited\BCMix_splited.vcxproj", "{DA3B25A0-FD76-4A36-BF90-FDC3656B3006}"
EndProject
Project("{8BC9CEB8-8B4A-11D0-8D11-00A0C91BC942}") = "BCMix_simple", "BCMix_simple\BCMix_simple.vcxproj", "{FA09C151-CD40-40C4-B740-1A484796EB00}"
EndProject
Project("{8BC9CEB8-8B4A-11D0-8D11-00A0C91BC942}") = "BCMix_single", "BCMix_single\BCMix_single.vcxproj", "{9D240118-D7DE-412A-A097-C2C85150316B}"
EndProject
Project("{8BC9CEB8-8B4A-11D0-8D11-00A0C91BC942}") = "BCMix_digitaligned_8", "BCMix_digitaligned_8\BCMix_digitaligned_8.vcxproj", "{40080596-C8C6-487E-B71F-E58CCDA47400}"
EndProject
Project("{8BC9CEB8-8B4A-11D0-8D11-00A0C91BC942}") = "BCMix_digitaligned_9", "BCMix_digitaligned_9\BCMix_digitaligned_9.vcxproj", "{7CCB06B2-C966-4F15-85CD-9602014366AC}"
EndProject
Project("{8BC9CEB8-8B4A-11D0-8D11-00A0C91BC942}") = "BCMix_digitaligned_10", "BCMix_digitaligned_10\BCMix_digitaligned_10.vcxproj", "{22D0B04C-90DF-41F4-90E5-4EDDD7A041FF}"
EndProject
Global
	GlobalSection(SolutionConfigurationPlatforms) = preSolution
		Debug|x64 = Debug|x64
		Debug|x86 = Debug|x86
		Release|x64 = Release|x64
		Release|x86 = Release|x86
	EndGlobalSection
	GlobalSection(ProjectConfigurationPlatforms) = postSolution
		{C0CF1514-1DB4-4739-9F97-610E9FBE5905}.Debug|x64.ActiveCfg = Debug|x64
		{C0CF1514-1DB4-4739-9F97-610E9FBE5905}.Debug|x64.Build.0 = Debug|x64
		{C0CF1514-1DB4-4739-9F97-610E9FBE5905}.Debug|x86.ActiveCfg = Debug|Win32
		{C0CF1514-1DB4-4739-9F97-610E9FBE5905}.Debug|x86.Build.0 = Debug|Win32
		{C0CF1514-1DB4-4739-9F97-610E9FBE5905}.Release|x64.ActiveCfg = Release|x64
		{C0CF1514-1DB4-4739-9F97-610E9FBE5905}.Release|x64.Build.0 = Release|x64
		{C0CF1514-1DB4-4739-9F97-610E9FBE5905}.Release|x86.ActiveCfg = Release|Win32
		{C0CF1514-1DB4-4739-9F97-610E9FBE5905}.Release|x86.Build.0 = Release|Win32
		{1A1EE8B9-135D-4B18-BBF6-85C4E15BBAE8}.Debug|x64.ActiveCfg = Debug|x64
		{1A1EE8B9-135D-4B18-BBF6-85C4E15BBAE8}.Debug|x64.Build.0 = Debug|x64
		{1A1EE8B9-135D-4B18-BBF6-85C4E15BBAE8}.Debug|x86.ActiveCfg = Debug|Win32
		{1A1EE8B9-135D-4B18-BBF6-85C4E15BBAE8}.Debug|x86.Build.0 = Debug|Win32
		{1A1EE8B9-135D-4B18-BBF6-85C4E15BBAE8}.Release|x64.ActiveCfg = Release|x64
		{1A1EE8B9-135D-4B18-BBF6-85C4E15BBAE8}.Release|x64.Build.0 = Release|x64
		{1A1EE8B9-135D-4B18-BBF6-85C4E15BBAE8}.Release|x86.ActiveCfg = Release|Win32
		{1A1EE8B9-135D-4B18-BBF6-85C4E15BBAE8}.Release|x86.Build.0 = Release|Win32
		{67B82A09-DD83-452B-8845-FF58200F64F9}.Debug|x64.ActiveCfg = Debug|x64
		{67B82A09-DD83-452B-8845-FF58200F64F9}.Debug|x64.Build.0 = Debug|x64
		{67B82A09-DD83-452B-8845-FF58200F64F9}.Debug|x86.ActiveCfg = Debug|Win32
		{67B82A09-DD83-452B-8845-FF58200F64F9}.Debug|x86.Build.0 = Debug|Win32
		{67B82A09-DD83-452B-8845-FF58200F64F9}.Release|x64.ActiveCfg = Release|x64
		{67B82A09-DD83-452B-8845-FF58200F64F9}.Release|x64.Build.0 = Release|x64
		{67B82A09-DD83-452B-8845-FF58200F64F9}.Release|x86.ActiveCfg = Release|Win32
		{67B82A09-DD83-452B-8845-FF58200F64F9}.Release|x86.Build.0 = Release|Win32
		{63AA53F3-5D83-4850-B40B-21803A5B36AD}.Debug|x64.ActiveCfg = Debug|x64
		{63AA53F3-5D83-4850-B40B-21803A5B36AD}.Debug|x64.Build.0 = Debug|x64
		{63AA53F3-5D83-4850-B40B-21803A5B36AD}.Debug|x86.ActiveCfg = Debug|Win32
		{63AA53F3-5D83-4850-B40B-21803A5B36AD}.Debug|x86.Build.0 = Debug|Win32
		{63AA53F3-5D83-4850-B40B-21803A5B36AD}.Release|x64.ActiveCfg = Release|x64
		{63AA53F3-5D83-4850-B40B-21803A5B36AD}.Release|x64.Build.0 = Release|x64
		{63AA53F3-5D83-4850-B40B-21803A5B36AD}.Release|x86.ActiveCfg = Release|Win32
		{63AA53F3-5D83-4850-B40B-21803A5B36AD}.Release|x86.Build.0 = Release|Win32
		{C898A0B1-4355-4C18-9889-1F26D6DFAD08}.Debug|x64.ActiveCfg = Debug|x64
		{C898A0B1-4355-4C18-9889-1F26D6DFAD08}.Debug|x64.Build.0 = Debug|x64
		{C898A0B1-4355-4C18-9889-1F26D6DFAD08}.Debug|x86.ActiveCfg = Debug|Win32
		{C898A0B1-4355-4C18-9889-1F26D6DFAD08}.Debug|x86.Build.0 = Debug|Win32
		{C898A0B1-4355-4C18-9889-1F26D6DFAD08}.Release|x64.ActiveCfg = Release|x64
		{C898A0B1-4355-4C18-9889-1F26D6DFAD08}.Release|x64.Build.0 = Release|x64
		{C898A0B1-4355-4C18-9889-1F26D6DFAD08}.Release|x86.ActiveCfg = Release|Win32
		{C898A0B1-4355-4C18-9889-1F26D6DFAD08}.Release|x86.Build.0 = Release|Win32
		{10F40C0D-94B3-491C-88D6-AD9A3F9BA9FA}.Debug|x64.ActiveCfg = Debug|x64
		{10F40C0D-94B3-491C-88D6-AD9A3F9BA9FA}.Debug|x64.Build.0 = Debug|x64
		{10F40C0D-94B3-491C-88D6-AD9A3F9BA9FA}.Debug|x86.ActiveCfg = Debug|Win32
		{10F40C0D-94B3-491C-88D6-AD9A3F9BA9FA}.Debug|x86.Build.0 = Debug|Win32
		{10F40C0D-94B3-491C-88D6-AD9A3F9BA9FA}.Release|x64.ActiveCfg = Release|x64
		{10F40C0D-94B3-491C-88D6-AD9A3F9BA9FA}.Release|x64.Build.0 = Release|x64
		{10F40C0D-94B3-491C-88D6-AD9A3F9BA9FA}.Release|x86.ActiveCfg = Release|Win32
		{10F40C0D-94B3-491C-88D6-AD9A3F9BA9FA}.Release|x86.Build.0 = Release|Win32
		{82373DBA-2431-4873-9A69-B9D0943060BE}.Debug|x64.ActiveCfg = Debug|x64
		{82373DBA-2431-4873-9A69-B9D0943060BE}.Debug|x64.Build.0 = Debug|x64
		{82373DBA-2431-4873-9A69-B9D0943060BE}.Debug|x86.ActiveCfg = Debug|Win32
		{82373DBA-2431-4873-9A69-B9D0943060BE}.Debug|x86.Build.0 = Debug|Win32
		{82373DBA-2431-4873-9A69-B9D0943060BE}.Release|x64.ActiveCfg = Release|x64
		{82373DBA-2431-4873-9A69-B9D0943060BE}.Release|x64.Build.0 = Release|x64
		{82373DBA-2431-4873-9A69-B9D0943060BE}.Release|x86.ActiveCfg = Release|Win32
		{82373DBA-2431-4873-9A69-B9D0943060BE}.Release|x86.Build.0 = Release|Win32
		{7834B16C-F660-4901-886C-A97DF12AFE5F}.Debug|x64.ActiveCfg = Debug|x64
		{7834B16C-F660-4901-886C-A97DF12AFE5F}.Debug|x64.Build.0 = Debug|x64
		{7834B16C-F660-4901-886C-A97DF12AFE5F}.Debug|x86.ActiveCfg = Debug|Win32
		{7834B16C-F660-4901-886C-A97DF12AFE5F}.Debug|x86.Build.0 = Debug|Win32
		{7834B16C-F660-4901-886C-A97DF12AFE5F}.Release|x64.ActiveCfg = Release|x64
		{7834B16C-F660-4901-886C-A97DF12AFE5F}.Release|x64.Build.0 = Release|x64
		{7834B16C-F660-4901-886C-A97DF12AFE5F}.Release|x86.ActiveCfg = Release|Win32
		{7834B16C-F660-4901-886C-A97DF12AFE5F}.Release|x86.Build.0 = Release|Win32
		{E61E5409-E229-48FF-ACBA-CB50854D0F60}.Debug|x64.ActiveCfg = Debug|x64
		{E61E5409-E229-48FF-ACBA-CB50854D0F60}.Debug|x64.Build.0 = Debug|x64
		{E61E5409-E229-48FF-ACBA-CB50854D0F60}.Debug|x86.ActiveCfg = Debug|Win32
		{E61E5409-E229-48FF-ACBA-CB50854D0F60}.Debug|x86.Build.0 = Debug|Win32
		{E61E5409-E229-48FF-ACBA-CB50854D0F60}.Release|x64.ActiveCfg = Release|x64
		{E61E5409-E229-48FF-ACBA-CB50854D0F60}.Release|x64.Build.0 = Release|x64
		{E61E5409-E229-48FF-ACBA-CB50854D0F60}.Release|x86.ActiveCfg = Release|Win32
		{E61E5409-E229-48FF-ACBA-CB50854D0F60}.Release|x86.Build.0 = Release|Win32
		{EF4E603C-1815-4128-996F-1C206F7C736C}.Debug|x64.ActiveCfg = Debug|x64
		{EF4E603C-1815-4128-996F-1C206F7C736C}.Debug|x64.Build.0 = Debug|x64
		{EF4E603C-1815-4128-996F-1C206F7C736C}.Debug|x86.ActiveCfg = Debug|Win32
		{EF4E603C-1815-4128-996F-1C206F7C736C}.Debug|x86.Build.0 = Debug|Win32
		{EF4E603C-1815-4128-996F-1C206F7C736C}.Release|x64.ActiveCfg = Release|x64
		{EF4E603C-1815-4128-996F-1C206F7C736C}.Release|x64.Build.0 = Release|x64
		{EF4E603C-1815-4128-996F-1C206F7C736C}.Release|x86.ActiveCfg = Release|Win32
		{EF4E603C-1815-4128-996F-1C206F7C736C}.Release|x86.Build.0 = Release|Win32
		{F9187DC1-ABDF-4686-AFAC-49131296E8F2}.Debug|x64.ActiveCfg = Debug|x64
		{F9187DC1-ABDF-4686-AFAC-49131296E8F2}.Debug|x64.Build.0 = Debug|x64
		{F9187DC1-ABDF-4686-AFAC-49131296E8F2}.Debug|x86.ActiveCfg = Debug|Win32
		{F9187DC1-ABDF-4686-AFAC-49131296E8F2}.Debug|x86.Build.0 = Debug|Win32
		{F9187DC1-ABDF-4686-AFAC-49131296E8F2}.Release|x64.ActiveCfg = Release|x64
		{F9187DC1-ABDF-4686-AFAC-49131296E8F2}.Release|x64.Build.0 = Release|x64
		{F9187DC1-ABDF-4686-AFAC-49131296E8F2}.Release|x86.ActiveCfg = Release|Win32
		{F9187DC1-ABDF-4686-AFAC-49131296E8F2}.Release|x86.Build.0 = Release|Win32
		{744964FE-0165-47F5-95F3-1B68CABB4EA1}.Debug|x64.ActiveCfg = Debug|x64
		{744964FE-0165-47F5-95F3-1B68CABB4EA1}.Debug|x64.Build.0 = Debug|x64
		{744964FE-0165-47F5-95F3-1B68CABB4EA1}.Debug|x86.ActiveCfg = Debug|Win32
		{744964FE-0165-47F5-95F3-1B68CABB4EA1}.Debug|x86.Build.0 = Debug|Win32
		{744964FE-0165-47F5-95F3-1B68CABB4EA1}.Release|x64.ActiveCfg = Release|x64
		{744964FE-0165-47F5-95F3-1B68CABB4EA1}.Release|x64.Build.0 = Release|x64
		{744964FE-0165-47F5-95F3-1B68CABB4EA1}.Release|x86.ActiveCfg = Release|Win32
		{744964FE-0165-47F5-95F3-1B68CABB4EA1}.Release|x86.Build.0 = Release|Win32
		{DA3B25A0-FD76-4A36-BF90-FDC3656B3006}.Debug|x64.ActiveCfg = Debug|x64
		{DA3B25A0-FD76-4A36-BF90-FDC3656B3006}.Debug|x64.Build.0 = Debug|x64
		{DA3B25A0-FD76-4A36-BF90-FDC3656B3006}.Debug|x86.ActiveCfg = Debug|Win32
		{DA3B25A0-FD76-4A36-BF90-FDC3656B3006}.Debug|x86.Build.0 = Debug|Win32
		{DA3B25A0-FD76-4A36-BF90-FDC3656B3006}.Release|x64.ActiveCfg = Release|x64
		{DA3B25A0-FD76-4A36-BF90-FDC3656B3006}.Release|x64.Build.0 = Release|x64
		{DA3B25A0-FD76-4A36-BF90-FDC3656B3006}.Release|x86.ActiveCfg = Release|Win32
		{DA3B25A0-FD76-4A36-BF90-FDC3656B3006}.Release|x86.Build.0 = Release|Win32
		{FA09C151-CD40-40C4-B740-1A484796EB00}.Debug|x64.ActiveCfg = Debug|x64
		{FA09C151-CD40-40C4-B740-1A484796EB00}.Debug|x64.Build.0 = Debug|x64
		{FA09C151-CD40-40C4-B740-1A484796EB00}.Debug|x86.ActiveCfg = Debug|Win32
		{FA09C151-CD40-40C4-B740-1A484796EB00}.Debug|x86.Build.0 = Debug|Win32
		{FA09C151-CD40-40C4-B740-1A484796EB00}.Release|x64.ActiveCfg = Release|x64
		{FA09C151-CD40-40C4-B740-1A484796EB00}.Release|x64.Build.0 = Release|x64
		{FA09C151-CD40-40C4-B740-1A484796EB00}.Release|x86.ActiveCfg = Release|Win32
		{FA09C151-CD40-40C4-B740-1A484796EB00}.Release|x86.Build.0 = Release|Win32
		{9D240118-D7DE-412A-A097-C2C85150316B}.Debug|x64.ActiveCfg = Debug|x64
		{9D240118-D7DE-412A-A097-C2C85150316B}.Debug|x64.Build.0 = Debug|x64
		{9D240118-D7DE-412A-A097-C2C85150316B}.Debug|x86.ActiveCfg = Debug|Win32
		{9D240118-D7DE-412A-A097-C2C85150316B}.Debug|x86.Build.0 = Debug|Win32
		{9D240118-D7DE-412A-A097-C2C85150316B}.Release|x64.ActiveCfg = Release|x64
		{9D240118-D7DE-412A-A097-C2C85150316B}.Release|x64.Build.0 = Release|x64
		{9D240118-D7DE-412A-A097-C2C85150316B}.Release|x86.ActiveCfg = Release|Win32
		{9D240118-D7DE-412A-A097-C2C85150316B}.Release|x86.Build.0 = Release|Win32
		{40080596-C8C6-487E-B71F-E58CCDA47400}.Debug|x64.ActiveCfg = Debug|x64
		{40080596-C8C6-487E-B71F-E58CCDA47400}.Debug|x64.Build.0 = Debug|x64
		{40080596-C8C6-487E-B71F-E58CCDA47400}.Debug|x86.ActiveCfg = Debug|Win32
		{40080596-C8C6-487E-B71F-E58CCDA47400}.Debug|x86.Build.0 = Debug|Win32
		{40080596-C8C6-487E-B71F-E58CCDA47400}.Release|x64.ActiveCfg = Release|x64
		{40080596-C8C6-487E-B71F-E58CCDA47400}.Release|x64.Build.0 = Release|x64
		{40080596-C8C6-487E-B71F-E58CCDA47400}.Release|x86.ActiveCfg = Release|Win32
		{40080596-C8C6-487E-B71F-E58CCDA47400}.Release|x86.Build.0 = Release|Win32
		{7CCB06B2-C966-4F15-85CD-9602014366AC}.Debug|x64.ActiveCfg = Debug|x64
		{7CCB06B2-C966-4F15-85CD-9602014366AC}.Debug|x64.Build.0 = Debug|x64
		{7CCB06B2-C966-4F15-85CD-9602014366AC}.Debug|x86.ActiveCfg = Debug|Win32
		{7CCB06B2-C966-4F15-85CD-9602014366AC}.Debug|x86.Build.0 = Debug|Win32
		{7CCB06B2-C966-4F15-85CD-9602014366AC}.Release|x64.ActiveCfg = Release|x64
		{7CCB06B2-C966-4F15-85CD-9602014366AC}.Release|x64.Build.0 = Release|x64
		{7CCB06B2-C966-4F15-85CD-9602014366AC}.Release|x86.ActiveCfg = Release|Win32
		{7CCB06B2-C966-4F15-85CD-9602014366AC}.Release|x86.Build.0 = Release|Win32
		{22D0B04C-90DF-41F4-90E5-4EDDD7A041FF}.Debug|x64.ActiveCfg = Debug|x64
		{22D0B04C-90DF-41F4-90E5-4EDDD7A041FF}.Debug|x64.Build.0 = Debug|x64
		{22D0B04C-90DF-41F4-90E5-4EDDD7A041FF}.Debug|x86.ActiveCfg = Debug|Win32
		{22D0B04C-90DF-41F4-90E5-4EDDD7A041FF}.Debug|x86.Build.0 = Debug|Win32
		{22D0B04C-90DF-41F4-90E5-4EDDD7A041FF}.Release|x64.ActiveCfg = Release|x64
		{22D0B04C-90DF-41F4-90E5-4EDDD7A041FF}.Release|x64.Build.0 = Release|x64
		{22D0B04C-90DF-41F4-90E5-4EDDD7A041FF}.Release|x86.ActiveCfg = Release|Win32
		{22D0B04C-90DF-41F4-90E5-4EDDD7A041FF}.Release|x86.Build.0 = Release|Win32
	EndGlobalSection
	GlobalSection(SolutionProperties) = preSolution
		HideSolutionNode = FALSE
	EndGlobalSection
	GlobalSection(ExtensibilityGlobals) = postSolution
		SolutionGuid = {549EDEF4-CBA0-499F-AF12-F36C58A43E2E}
	EndGlobalSection
EndGlobal
